
Microsoft Visual Studio Solution File, Format Version 12.00
# Visual Studio Version 17
VisualStudioVersion = 17.7.34018.315
MinimumVisualStudioVersion = 10.0.40219.1
Project("{9A19103F-16F7-4668-BE54-9A1E7A4F7556}") = "Entidades", "Entidades.csproj", "{0E4469F5-B44A-443E-8484-8BBBFE1DA629}"
EndProject
Project("{9A19103F-16F7-4668-BE54-9A1E7A4F7556}") = "WinFormLogin", "..\WinFormLogin\WinFormLogin.csproj", "{0BB866E4-3217-4396-80C7-69914C0E3DF1}"
EndProject
Project("{FAE04EC0-301F-11D3-BF4B-00C04F79EFBC}") = "Test", "..\Test\Test.csproj", "{2DFD225B-F9E1-475A-8B86-484CA33D2672}"
EndProject
Global
	GlobalSection(SolutionConfigurationPlatforms) = preSolution
		Debug|Any CPU = Debug|Any CPU
		Release|Any CPU = Release|Any CPU
	EndGlobalSection
	GlobalSection(ProjectConfigurationPlatforms) = postSolution
		{0E4469F5-B44A-443E-8484-8BBBFE1DA629}.Debug|Any CPU.ActiveCfg = Debug|Any CPU
		{0E4469F5-B44A-443E-8484-8BBBFE1DA629}.Debug|Any CPU.Build.0 = Debug|Any CPU
		{0E4469F5-B44A-443E-8484-8BBBFE1DA629}.Release|Any CPU.ActiveCfg = Release|Any CPU
		{0E4469F5-B44A-443E-8484-8BBBFE1DA629}.Release|Any CPU.Build.0 = Release|Any CPU
		{0BB866E4-3217-4396-80C7-69914C0E3DF1}.Debug|Any CPU.ActiveCfg = Debug|Any CPU
		{0BB866E4-3217-4396-80C7-69914C0E3DF1}.Debug|Any CPU.Build.0 = Debug|Any CPU
		{0BB866E4-3217-4396-80C7-69914C0E3DF1}.Release|Any CPU.ActiveCfg = Release|Any CPU
		{0BB866E4-3217-4396-80C7-69914C0E3DF1}.Release|Any CPU.Build.0 = Release|Any CPU
		{2DFD225B-F9E1-475A-8B86-484CA33D2672}.Debug|Any CPU.ActiveCfg = Debug|Any CPU
		{2DFD225B-F9E1-475A-8B86-484CA33D2672}.Debug|Any CPU.Build.0 = Debug|Any CPU
		{2DFD225B-F9E1-475A-8B86-484CA33D2672}.Release|Any CPU.ActiveCfg = Release|Any CPU
		{2DFD225B-F9E1-475A-8B86-484CA33D2672}.Release|Any CPU.Build.0 = Release|Any CPU
	EndGlobalSection
	GlobalSection(SolutionProperties) = preSolution
		HideSolutionNode = FALSE
	EndGlobalSection
	GlobalSection(ExtensibilityGlobals) = postSolution
		SolutionGuid = {E4DB01D9-CC47-478C-8A0D-30CCA46AF7D6}
	EndGlobalSection
EndGlobal
